
Microsoft Visual Studio Solution File, Format Version 12.00
# Visual Studio 2012
Project("{FAE04EC0-301F-11D3-BF4B-00C04F79EFBC}") = "FantasyElementsRPG.Client.Shell", "FantasyElementsRPG.Client.Shell\FantasyElementsRPG.Client.Shell.csproj", "{8D1003F9-B9F2-4CB3-B8B0-7CE3D74F9E50}"
	ProjectSection(ProjectDependencies) = postProject
		{C786B7F2-B7AE-439D-95E1-0F62AD5FACD4} = {C786B7F2-B7AE-439D-95E1-0F62AD5FACD4}
	EndProjectSection
EndProject
Project("{FAE04EC0-301F-11D3-BF4B-00C04F79EFBC}") = "FantasyElementsRPG.Client.Shell.Game", "FantasyElementsRPG.Client.Shell.Game\FantasyElementsRPG.Client.Shell.Game.csproj", "{C786B7F2-B7AE-439D-95E1-0F62AD5FACD4}"
EndProject
Project("{FAE04EC0-301F-11D3-BF4B-00C04F79EFBC}") = "FantasyElementsRPG.Client.Core.Canvas", "FantasyElementsRPG.Client.Core.Canvas\FantasyElementsRPG.Client.Core.Canvas.csproj", "{22F0C636-72B8-4B04-9E00-4AE1E84CCF4D}"
EndProject
Project("{FAE04EC0-301F-11D3-BF4B-00C04F79EFBC}") = "FantasyElementsRPG.Server.PolicyServer", "FantasyElementsRPG.Server.PolicyServer\FantasyElementsRPG.Server.PolicyServer.csproj", "{CBCD23EB-916E-4D07-A501-B4086D59804F}"
EndProject
Project("{FAE04EC0-301F-11D3-BF4B-00C04F79EFBC}") = "FantasyElementsRPG.Client.Core.GameLoop", "FantasyElementsRPG.Client.Core.GameLoop\FantasyElementsRPG.Client.Core.GameLoop.csproj", "{B7E58337-B35E-4F49-89BC-3B4945A2BE36}"
EndProject
Project("{FAE04EC0-301F-11D3-BF4B-00C04F79EFBC}") = "FantasyElementsRPG.Server.GameServer.Shell", "FantasyElementsRPG.Server.GameServer.Shell\FantasyElementsRPG.Server.GameServer.Shell.csproj", "{AC9BB5FB-DE39-4764-84A7-FEBF80ADAB15}"
EndProject
Project("{FAE04EC0-301F-11D3-BF4B-00C04F79EFBC}") = "FantasyElementsRPG.Server.PolicyServer.Logger", "FantasyElementsRPG.Server.PolicyServer.Logger\FantasyElementsRPG.Server.PolicyServer.Logger.csproj", "{04BC294F-60DF-4278-93CD-5789EF8AAECA}"
EndProject
Project("{FAE04EC0-301F-11D3-BF4B-00C04F79EFBC}") = "FantasyElementsRPG.Server.GameServer.ExceptionFactory", "FantasyElementsRPG.Server.GameServer.ExceptionFactory\FantasyElementsRPG.Server.GameServer.ExceptionFactory.csproj", "{2A3C37AA-AD89-4AF3-910E-9649FF3BE39E}"
EndProject
Project("{FAE04EC0-301F-11D3-BF4B-00C04F79EFBC}") = "FantasyElementsRPG.Client.Core.ExceptionFactory", "FantasyElementsRPG.Client.Core.ExceptionFactory\FantasyElementsRPG.Client.Core.ExceptionFactory.csproj", "{65AB7BA5-20F9-4384-811D-F92C8FAA8C6F}"
EndProject
Project("{FAE04EC0-301F-11D3-BF4B-00C04F79EFBC}") = "FantasyElementsRPG.Client.Core.FatalExceptionUserControl", "FantasyElementsRPG.Client.Core.FatalExceptionUserControl\FantasyElementsRPG.Client.Core.FatalExceptionUserControl.csproj", "{F072227C-2F1B-4715-AD7F-555AB9335DBD}"
EndProject
Global
	GlobalSection(SolutionConfigurationPlatforms) = preSolution
		Debug|Any CPU = Debug|Any CPU
		Release|Any CPU = Release|Any CPU
	EndGlobalSection
	GlobalSection(ProjectConfigurationPlatforms) = postSolution
		{8D1003F9-B9F2-4CB3-B8B0-7CE3D74F9E50}.Debug|Any CPU.ActiveCfg = Debug|Any CPU
		{8D1003F9-B9F2-4CB3-B8B0-7CE3D74F9E50}.Debug|Any CPU.Build.0 = Debug|Any CPU
		{8D1003F9-B9F2-4CB3-B8B0-7CE3D74F9E50}.Release|Any CPU.ActiveCfg = Release|Any CPU
		{8D1003F9-B9F2-4CB3-B8B0-7CE3D74F9E50}.Release|Any CPU.Build.0 = Release|Any CPU
		{C786B7F2-B7AE-439D-95E1-0F62AD5FACD4}.Debug|Any CPU.ActiveCfg = Debug|Any CPU
		{C786B7F2-B7AE-439D-95E1-0F62AD5FACD4}.Debug|Any CPU.Build.0 = Debug|Any CPU
		{C786B7F2-B7AE-439D-95E1-0F62AD5FACD4}.Release|Any CPU.ActiveCfg = Release|Any CPU
		{C786B7F2-B7AE-439D-95E1-0F62AD5FACD4}.Release|Any CPU.Build.0 = Release|Any CPU
		{22F0C636-72B8-4B04-9E00-4AE1E84CCF4D}.Debug|Any CPU.ActiveCfg = Debug|Any CPU
		{22F0C636-72B8-4B04-9E00-4AE1E84CCF4D}.Debug|Any CPU.Build.0 = Debug|Any CPU
		{22F0C636-72B8-4B04-9E00-4AE1E84CCF4D}.Release|Any CPU.ActiveCfg = Release|Any CPU
		{22F0C636-72B8-4B04-9E00-4AE1E84CCF4D}.Release|Any CPU.Build.0 = Release|Any CPU
		{CBCD23EB-916E-4D07-A501-B4086D59804F}.Debug|Any CPU.ActiveCfg = Debug|Any CPU
		{CBCD23EB-916E-4D07-A501-B4086D59804F}.Debug|Any CPU.Build.0 = Debug|Any CPU
		{CBCD23EB-916E-4D07-A501-B4086D59804F}.Release|Any CPU.ActiveCfg = Release|Any CPU
		{CBCD23EB-916E-4D07-A501-B4086D59804F}.Release|Any CPU.Build.0 = Release|Any CPU
		{B7E58337-B35E-4F49-89BC-3B4945A2BE36}.Debug|Any CPU.ActiveCfg = Debug|Any CPU
		{B7E58337-B35E-4F49-89BC-3B4945A2BE36}.Debug|Any CPU.Build.0 = Debug|Any CPU
		{B7E58337-B35E-4F49-89BC-3B4945A2BE36}.Release|Any CPU.ActiveCfg = Release|Any CPU
		{B7E58337-B35E-4F49-89BC-3B4945A2BE36}.Release|Any CPU.Build.0 = Release|Any CPU
		{AC9BB5FB-DE39-4764-84A7-FEBF80ADAB15}.Debug|Any CPU.ActiveCfg = Debug|Any CPU
		{AC9BB5FB-DE39-4764-84A7-FEBF80ADAB15}.Debug|Any CPU.Build.0 = Debug|Any CPU
		{AC9BB5FB-DE39-4764-84A7-FEBF80ADAB15}.Release|Any CPU.ActiveCfg = Release|Any CPU
		{AC9BB5FB-DE39-4764-84A7-FEBF80ADAB15}.Release|Any CPU.Build.0 = Release|Any CPU
		{04BC294F-60DF-4278-93CD-5789EF8AAECA}.Debug|Any CPU.ActiveCfg = Debug|Any CPU
		{04BC294F-60DF-4278-93CD-5789EF8AAECA}.Debug|Any CPU.Build.0 = Debug|Any CPU
		{04BC294F-60DF-4278-93CD-5789EF8AAECA}.Release|Any CPU.ActiveCfg = Release|Any CPU
		{04BC294F-60DF-4278-93CD-5789EF8AAECA}.Release|Any CPU.Build.0 = Release|Any CPU
		{2A3C37AA-AD89-4AF3-910E-9649FF3BE39E}.Debug|Any CPU.ActiveCfg = Debug|Any CPU
		{2A3C37AA-AD89-4AF3-910E-9649FF3BE39E}.Debug|Any CPU.Build.0 = Debug|Any CPU
		{2A3C37AA-AD89-4AF3-910E-9649FF3BE39E}.Release|Any CPU.ActiveCfg = Release|Any CPU
		{2A3C37AA-AD89-4AF3-910E-9649FF3BE39E}.Release|Any CPU.Build.0 = Release|Any CPU
		{65AB7BA5-20F9-4384-811D-F92C8FAA8C6F}.Debug|Any CPU.ActiveCfg = Debug|Any CPU
		{65AB7BA5-20F9-4384-811D-F92C8FAA8C6F}.Debug|Any CPU.Build.0 = Debug|Any CPU
		{65AB7BA5-20F9-4384-811D-F92C8FAA8C6F}.Release|Any CPU.ActiveCfg = Release|Any CPU
		{65AB7BA5-20F9-4384-811D-F92C8FAA8C6F}.Release|Any CPU.Build.0 = Release|Any CPU
		{F072227C-2F1B-4715-AD7F-555AB9335DBD}.Debug|Any CPU.ActiveCfg = Debug|Any CPU
		{F072227C-2F1B-4715-AD7F-555AB9335DBD}.Debug|Any CPU.Build.0 = Debug|Any CPU
		{F072227C-2F1B-4715-AD7F-555AB9335DBD}.Release|Any CPU.ActiveCfg = Release|Any CPU
		{F072227C-2F1B-4715-AD7F-555AB9335DBD}.Release|Any CPU.Build.0 = Release|Any CPU
	EndGlobalSection
	GlobalSection(SolutionProperties) = preSolution
		HideSolutionNode = FALSE
	EndGlobalSection
EndGlobal
