
Microsoft Visual Studio Solution File, Format Version 12.00
# Visual Studio 2012
Project("{FAE04EC0-301F-11D3-BF4B-00C04F79EFBC}") = "FantasyElementsRPG.Shell", "FantasyElementsRPG.Shell\FantasyElementsRPG.Shell.csproj", "{F71268A7-9042-4C29-89CA-A4BE8604E7D8}"
	ProjectSection(ProjectDependencies) = postProject
		{9B03F634-3EB3-4464-83C9-29ABA77147FF} = {9B03F634-3EB3-4464-83C9-29ABA77147FF}
	EndProjectSection
EndProject
Project("{FAE04EC0-301F-11D3-BF4B-00C04F79EFBC}") = "FantasyElementsRPG.Shell.Game", "FantasyElementsRPG.Shell.Game\FantasyElementsRPG.Shell.Game.csproj", "{9B03F634-3EB3-4464-83C9-29ABA77147FF}"
EndProject
Project("{FAE04EC0-301F-11D3-BF4B-00C04F79EFBC}") = "FantasyElementsRPG.Core.Canvas", "FantasyElementsRPG.Core.Canvas\FantasyElementsRPG.Core.Canvas.csproj", "{3C3E0BDD-E947-48C2-B781-D35804FA8BA2}"
EndProject
Project("{FAE04EC0-301F-11D3-BF4B-00C04F79EFBC}") = "FantasyElementsRPG.Core.GameLoop", "FantasyElementsRPG.Core.GameLoop\FantasyElementsRPG.Core.GameLoop.csproj", "{ADD0345D-EE7B-4563-80BD-B6C836EC2BBD}"
EndProject
Global
	GlobalSection(SolutionConfigurationPlatforms) = preSolution
		Debug|Any CPU = Debug|Any CPU
		Release|Any CPU = Release|Any CPU
	EndGlobalSection
	GlobalSection(ProjectConfigurationPlatforms) = postSolution
		{F71268A7-9042-4C29-89CA-A4BE8604E7D8}.Debug|Any CPU.ActiveCfg = Debug|Any CPU
		{F71268A7-9042-4C29-89CA-A4BE8604E7D8}.Debug|Any CPU.Build.0 = Debug|Any CPU
		{F71268A7-9042-4C29-89CA-A4BE8604E7D8}.Release|Any CPU.ActiveCfg = Release|Any CPU
		{F71268A7-9042-4C29-89CA-A4BE8604E7D8}.Release|Any CPU.Build.0 = Release|Any CPU
		{9B03F634-3EB3-4464-83C9-29ABA77147FF}.Debug|Any CPU.ActiveCfg = Debug|Any CPU
		{9B03F634-3EB3-4464-83C9-29ABA77147FF}.Debug|Any CPU.Build.0 = Debug|Any CPU
		{9B03F634-3EB3-4464-83C9-29ABA77147FF}.Release|Any CPU.ActiveCfg = Release|Any CPU
		{9B03F634-3EB3-4464-83C9-29ABA77147FF}.Release|Any CPU.Build.0 = Release|Any CPU
		{3C3E0BDD-E947-48C2-B781-D35804FA8BA2}.Debug|Any CPU.ActiveCfg = Debug|Any CPU
		{3C3E0BDD-E947-48C2-B781-D35804FA8BA2}.Debug|Any CPU.Build.0 = Debug|Any CPU
		{3C3E0BDD-E947-48C2-B781-D35804FA8BA2}.Release|Any CPU.ActiveCfg = Release|Any CPU
		{3C3E0BDD-E947-48C2-B781-D35804FA8BA2}.Release|Any CPU.Build.0 = Release|Any CPU
		{ADD0345D-EE7B-4563-80BD-B6C836EC2BBD}.Debug|Any CPU.ActiveCfg = Debug|Any CPU
		{ADD0345D-EE7B-4563-80BD-B6C836EC2BBD}.Debug|Any CPU.Build.0 = Debug|Any CPU
		{ADD0345D-EE7B-4563-80BD-B6C836EC2BBD}.Release|Any CPU.ActiveCfg = Release|Any CPU
		{ADD0345D-EE7B-4563-80BD-B6C836EC2BBD}.Release|Any CPU.Build.0 = Release|Any CPU
	EndGlobalSection
	GlobalSection(SolutionProperties) = preSolution
		HideSolutionNode = FALSE
	EndGlobalSection
EndGlobal
